<Solution>
  <Project Path="MarketPortfolio.Api/MarketPortfolio.Api.csproj" />
  <Project Path="MarketPortfolio.Application/MarketPortfolio.Application.csproj" />
  <Project Path="MarketPortfolio.Domain/MarketPortfolio.Domain.csproj" />
  <Project Path="MarketPortfolio.Infrastructure/MarketPortfolio.Infrastructure.csproj" />
  <Project Path="MarketPortfolio.UnitTests/MarketPortfolio.UnitTests.csproj" />
</Solution>
